
Microsoft Visual Studio Solution File, Format Version 12.00
# Visual Studio Version 16
VisualStudioVersion = 16.0.29230.47
MinimumVisualStudioVersion = 10.0.40219.1
Project("{FAE04EC0-301F-11D3-BF4B-00C04F79EFBC}") = "Hor_Sovanmearlea_HW4", "Hor_Sovanmearlea_HW4.csproj", "{FB05B46D-9AA5-48C5-85A5-62E7D48232BD}"
EndProject
Global
	GlobalSection(SolutionConfigurationPlatforms) = preSolution
		Debug|Any CPU = Debug|Any CPU
		Release|Any CPU = Release|Any CPU
	EndGlobalSection
	GlobalSection(ProjectConfigurationPlatforms) = postSolution
		{FB05B46D-9AA5-48C5-85A5-62E7D48232BD}.Debug|Any CPU.ActiveCfg = Debug|Any CPU
		{FB05B46D-9AA5-48C5-85A5-62E7D48232BD}.Debug|Any CPU.Build.0 = Debug|Any CPU
		{FB05B46D-9AA5-48C5-85A5-62E7D48232BD}.Release|Any CPU.ActiveCfg = Release|Any CPU
		{FB05B46D-9AA5-48C5-85A5-62E7D48232BD}.Release|Any CPU.Build.0 = Release|Any CPU
	EndGlobalSection
	GlobalSection(SolutionProperties) = preSolution
		HideSolutionNode = FALSE
	EndGlobalSection
	GlobalSection(ExtensibilityGlobals) = postSolution
		SolutionGuid = {91E8F184-94B0-4E2E-A0E1-245420E8A92D}
	EndGlobalSection
EndGlobal
